
Microsoft Visual Studio Solution File, Format Version 12.00
# Visual Studio Version 17
VisualStudioVersion = 17.0.31903.59
MinimumVisualStudioVersion = 10.0.40219.1
Project("{2150E333-8FDC-42A3-9474-1A3956D46DE8}") = "src", "src", "{7AF3379C-EEE8-4FAA-8088-E3D3210CAB6B}"
EndProject
Project("{FAE04EC0-301F-11D3-BF4B-00C04F79EFBC}") = "EmpreendedorismoSC.Domain", "src\EmpreendedorismoSC.Domain\EmpreendedorismoSC.Domain.csproj", "{B58C91E0-C9A6-43AD-AE6F-7EF56A6078BD}"
EndProject
Project("{FAE04EC0-301F-11D3-BF4B-00C04F79EFBC}") = "EmpreendedorismoSC.Application", "src\EmpreendedorismoSC.Application\EmpreendedorismoSC.Application.csproj", "{6ED92F8A-1F7B-4960-B7BC-8956B51C50C5}"
EndProject
Project("{FAE04EC0-301F-11D3-BF4B-00C04F79EFBC}") = "EmpreendedorismoSC.Infrastructure", "src\EmpreendedorismoSC.Infrastructure\EmpreendedorismoSC.Infrastructure.csproj", "{8B2B2288-41F1-4FBB-8813-D5C476A77BB2}"
EndProject
Project("{FAE04EC0-301F-11D3-BF4B-00C04F79EFBC}") = "EmpreendedorismoSC.WebApi", "src\EmpreendedorismoSC.WebApi\EmpreendedorismoSC.WebApi.csproj", "{90443B79-FAA3-4BF4-ABE2-6AFCF54367EA}"
EndProject
Project("{2150E333-8FDC-42A3-9474-1A3956D46DE8}") = "tests", "tests", "{4D368649-0412-4CE3-8B26-ABBA1C83F311}"
EndProject
Project("{FAE04EC0-301F-11D3-BF4B-00C04F79EFBC}") = "EmpreendedorismoSC.UnitTests", "tests\EmpreendedorismoSC.UnitTests\EmpreendedorismoSC.UnitTests.csproj", "{DC57ADEE-6081-4FD0-B662-60B3C5382998}"
EndProject
Project("{FAE04EC0-301F-11D3-BF4B-00C04F79EFBC}") = "EmpreendedorismoSC.IntegrationTests", "tests\EmpreendedorismoSC.IntegrationTests\EmpreendedorismoSC.IntegrationTests.csproj", "{F696EFF7-0CE6-406D-BD06-D6376D3A9D4B}"
EndProject
Global
	GlobalSection(SolutionConfigurationPlatforms) = preSolution
		Debug|Any CPU = Debug|Any CPU
		Release|Any CPU = Release|Any CPU
	EndGlobalSection
	GlobalSection(SolutionProperties) = preSolution
		HideSolutionNode = FALSE
	EndGlobalSection
	GlobalSection(ProjectConfigurationPlatforms) = postSolution
		{B58C91E0-C9A6-43AD-AE6F-7EF56A6078BD}.Debug|Any CPU.ActiveCfg = Debug|Any CPU
		{B58C91E0-C9A6-43AD-AE6F-7EF56A6078BD}.Debug|Any CPU.Build.0 = Debug|Any CPU
		{B58C91E0-C9A6-43AD-AE6F-7EF56A6078BD}.Release|Any CPU.ActiveCfg = Release|Any CPU
		{B58C91E0-C9A6-43AD-AE6F-7EF56A6078BD}.Release|Any CPU.Build.0 = Release|Any CPU
		{6ED92F8A-1F7B-4960-B7BC-8956B51C50C5}.Debug|Any CPU.ActiveCfg = Debug|Any CPU
		{6ED92F8A-1F7B-4960-B7BC-8956B51C50C5}.Debug|Any CPU.Build.0 = Debug|Any CPU
		{6ED92F8A-1F7B-4960-B7BC-8956B51C50C5}.Release|Any CPU.ActiveCfg = Release|Any CPU
		{6ED92F8A-1F7B-4960-B7BC-8956B51C50C5}.Release|Any CPU.Build.0 = Release|Any CPU
		{8B2B2288-41F1-4FBB-8813-D5C476A77BB2}.Debug|Any CPU.ActiveCfg = Debug|Any CPU
		{8B2B2288-41F1-4FBB-8813-D5C476A77BB2}.Debug|Any CPU.Build.0 = Debug|Any CPU
		{8B2B2288-41F1-4FBB-8813-D5C476A77BB2}.Release|Any CPU.ActiveCfg = Release|Any CPU
		{8B2B2288-41F1-4FBB-8813-D5C476A77BB2}.Release|Any CPU.Build.0 = Release|Any CPU
		{90443B79-FAA3-4BF4-ABE2-6AFCF54367EA}.Debug|Any CPU.ActiveCfg = Debug|Any CPU
		{90443B79-FAA3-4BF4-ABE2-6AFCF54367EA}.Debug|Any CPU.Build.0 = Debug|Any CPU
		{90443B79-FAA3-4BF4-ABE2-6AFCF54367EA}.Release|Any CPU.ActiveCfg = Release|Any CPU
		{90443B79-FAA3-4BF4-ABE2-6AFCF54367EA}.Release|Any CPU.Build.0 = Release|Any CPU
		{DC57ADEE-6081-4FD0-B662-60B3C5382998}.Debug|Any CPU.ActiveCfg = Debug|Any CPU
		{DC57ADEE-6081-4FD0-B662-60B3C5382998}.Debug|Any CPU.Build.0 = Debug|Any CPU
		{DC57ADEE-6081-4FD0-B662-60B3C5382998}.Release|Any CPU.ActiveCfg = Release|Any CPU
		{DC57ADEE-6081-4FD0-B662-60B3C5382998}.Release|Any CPU.Build.0 = Release|Any CPU
		{F696EFF7-0CE6-406D-BD06-D6376D3A9D4B}.Debug|Any CPU.ActiveCfg = Debug|Any CPU
		{F696EFF7-0CE6-406D-BD06-D6376D3A9D4B}.Debug|Any CPU.Build.0 = Debug|Any CPU
		{F696EFF7-0CE6-406D-BD06-D6376D3A9D4B}.Release|Any CPU.ActiveCfg = Release|Any CPU
		{F696EFF7-0CE6-406D-BD06-D6376D3A9D4B}.Release|Any CPU.Build.0 = Release|Any CPU
	EndGlobalSection
	GlobalSection(NestedProjects) = preSolution
		{B58C91E0-C9A6-43AD-AE6F-7EF56A6078BD} = {7AF3379C-EEE8-4FAA-8088-E3D3210CAB6B}
		{6ED92F8A-1F7B-4960-B7BC-8956B51C50C5} = {7AF3379C-EEE8-4FAA-8088-E3D3210CAB6B}
		{8B2B2288-41F1-4FBB-8813-D5C476A77BB2} = {7AF3379C-EEE8-4FAA-8088-E3D3210CAB6B}
		{90443B79-FAA3-4BF4-ABE2-6AFCF54367EA} = {7AF3379C-EEE8-4FAA-8088-E3D3210CAB6B}
		{DC57ADEE-6081-4FD0-B662-60B3C5382998} = {4D368649-0412-4CE3-8B26-ABBA1C83F311}
		{F696EFF7-0CE6-406D-BD06-D6376D3A9D4B} = {4D368649-0412-4CE3-8B26-ABBA1C83F311}
	EndGlobalSection
EndGlobal
